github.com/cristalhq/aconfig v0.18.5 h1:QqXH/Gy2c4QUQJTV2BN8UAuL/rqZ3IwhvxeC8OgzquA=
github.com/cristalhq/aconfig v0.18.5/go.mod h1:NXaRp+1e6bkO4dJn+wZ71xyaihMDYPtCSvEhMTm/H3E=
golang.org/x/net v0.15.0 h1:ugBLEUaxABaB5AJqW9enI0ACdci2RUd4eP51NTBvuJ8=
golang.org/x/net v0.15.0/go.mod h1:idbUs1IY1+zTqbi8yxTbhexhEEk5ur9LInksu6HrEpk=
